// !$*UTF8*$!
{
	archiveVersion = 1;
	classes = {
	};
	objectVersion = 46;
	objects = {

/* Begin PBXBuildFile section */
		29F80EBF1EE29A2D008A787E /* GSMobiHelper.cpp in Sources */ = {isa = PBXBuildFile; fileRef = 29F80EB71EE29A2D008A787E /* GSMobiHelper.cpp */; };
		29F80EC01EE29A2D008A787E /* GSMobiPacker.cpp in Sources */ = {isa = PBXBuildFile; fileRef = 29F80EB91EE29A2D008A787E /* GSMobiPacker.cpp */; };
		29F80EC11EE29A2D008A787E /* GSPdbHelper.cpp in Sources */ = {isa = PBXBuildFile; fileRef = 29F80EBB1EE29A2D008A787E /* GSPdbHelper.cpp */; };
		29F80EC21EE29A2D008A787E /* GSPdbPacker.cpp in Sources */ = {isa = PBXBuildFile; fileRef = 29F80EBD1EE29A2D008A787E /* GSPdbPacker.cpp */; };
		29F858581ECB5EC6000C41B9 /* main.cpp in Sources */ = {isa = PBXBuildFile; fileRef = 29F858571ECB5EC6000C41B9 /* main.cpp */; };
/* End PBXBuildFile section */

/* Begin PBXCopyFilesBuildPhase section */
		29F858431ECB51A1000C41B9 /* CopyFiles */ = {
			isa = PBXCopyFilesBuildPhase;
			buildActionMask = 2147483647;
			dstPath = /usr/share/man/man1/;
			dstSubfolderSpec = 0;
			files = (
			);
			runOnlyForDeploymentPostprocessing = 1;
		};
/* End PBXCopyFilesBuildPhase section */

/* Begin PBXFileReference section */
		29F80EB51EE29A23008A787E /* GSMobiDef.h */ = {isa = PBXFileReference; fileEncoding = 4; lastKnownFileType = sourcecode.c.h; name = GSMobiDef.h; path = ../../include/GSMobiDef.h; sourceTree = "<group>"; };
		29F80EB61EE29A23008A787E /* IGSMobiPacker.h */ = {isa = PBXFileReference; fileEncoding = 4; lastKnownFileType = sourcecode.c.h; name = IGSMobiPacker.h; path = ../../include/IGSMobiPacker.h; sourceTree = "<group>"; };
		29F80EB71EE29A2D008A787E /* GSMobiHelper.cpp */ = {isa = PBXFileReference; fileEncoding = 4; lastKnownFileType = sourcecode.cpp.cpp; name = GSMobiHelper.cpp; path = ../../source/GSMobiHelper.cpp; sourceTree = "<group>"; };
		29F80EB81EE29A2D008A787E /* GSMobiHelper.h */ = {isa = PBXFileReference; fileEncoding = 4; lastKnownFileType = sourcecode.c.h; name = GSMobiHelper.h; path = ../../source/GSMobiHelper.h; sourceTree = "<group>"; };
		29F80EB91EE29A2D008A787E /* GSMobiPacker.cpp */ = {isa = PBXFileReference; fileEncoding = 4; lastKnownFileType = sourcecode.cpp.cpp; name = GSMobiPacker.cpp; path = ../../source/GSMobiPacker.cpp; sourceTree = "<group>"; };
		29F80EBA1EE29A2D008A787E /* GSMobiPacker.h */ = {isa = PBXFileReference; fileEncoding = 4; lastKnownFileType = sourcecode.c.h; name = GSMobiPacker.h; path = ../../source/GSMobiPacker.h; sourceTree = "<group>"; };
		29F80EBB1EE29A2D008A787E /* GSPdbHelper.cpp */ = {isa = PBXFileReference; fileEncoding = 4; lastKnownFileType = sourcecode.cpp.cpp; name = GSPdbHelper.cpp; path = ../../source/GSPdbHelper.cpp; sourceTree = "<group>"; };
		29F80EBC1EE29A2D008A787E /* GSPdbHelper.h */ = {isa = PBXFileReference; fileEncoding = 4; lastKnownFileType = sourcecode.c.h; name = GSPdbHelper.h; path = ../../source/GSPdbHelper.h; sourceTree = "<group>"; };
		29F80EBD1EE29A2D008A787E /* GSPdbPacker.cpp */ = {isa = PBXFileReference; fileEncoding = 4; lastKnownFileType = sourcecode.cpp.cpp; name = GSPdbPacker.cpp; path = ../../source/GSPdbPacker.cpp; sourceTree = "<group>"; };
		29F80EBE1EE29A2D008A787E /* GSPdbPacker.h */ = {isa = PBXFileReference; fileEncoding = 4; lastKnownFileType = sourcecode.c.h; name = GSPdbPacker.h; path = ../../source/GSPdbPacker.h; sourceTree = "<group>"; };
		29F858451ECB51A1000C41B9 /* GSMobiGen */ = {isa = PBXFileReference; explicitFileType = "compiled.mach-o.executable"; includeInIndex = 0; path = GSMobiGen; sourceTree = BUILT_PRODUCTS_DIR; };
		29F858571ECB5EC6000C41B9 /* main.cpp */ = {isa = PBXFileReference; fileEncoding = 4; lastKnownFileType = sourcecode.cpp.cpp; name = main.cpp; path = ../../main.cpp; sourceTree = "<group>"; };
/* End PBXFileReference section */

/* Begin PBXFrameworksBuildPhase section */
		29F858421ECB51A1000C41B9 /* Frameworks */ = {
			isa = PBXFrameworksBuildPhase;
			buildActionMask = 2147483647;
			files = (
			);
			runOnlyForDeploymentPostprocessing = 0;
		};
/* End PBXFrameworksBuildPhase section */

/* Begin PBXGroup section */
		29F8583C1ECB51A1000C41B9 = {
			isa = PBXGroup;
			children = (
				29F8584F1ECB51F9000C41B9 /* include */,
				29F858501ECB5201000C41B9 /* source */,
				29F858571ECB5EC6000C41B9 /* main.cpp */,
				29F858461ECB51A1000C41B9 /* Products */,
			);
			sourceTree = "<group>";
		};
		29F858461ECB51A1000C41B9 /* Products */ = {
			isa = PBXGroup;
			children = (
				29F858451ECB51A1000C41B9 /* GSMobiGen */,
			);
			name = Products;
			sourceTree = "<group>";
		};
		29F8584F1ECB51F9000C41B9 /* include */ = {
			isa = PBXGroup;
			children = (
				29F80EB51EE29A23008A787E /* GSMobiDef.h */,
				29F80EB61EE29A23008A787E /* IGSMobiPacker.h */,
			);
			name = include;
			sourceTree = "<group>";
		};
		29F858501ECB5201000C41B9 /* source */ = {
			isa = PBXGroup;
			children = (
				29F80EB71EE29A2D008A787E /* GSMobiHelper.cpp */,
				29F80EB81EE29A2D008A787E /* GSMobiHelper.h */,
				29F80EB91EE29A2D008A787E /* GSMobiPacker.cpp */,
				29F80EBA1EE29A2D008A787E /* GSMobiPacker.h */,
				29F80EBB1EE29A2D008A787E /* GSPdbHelper.cpp */,
				29F80EBC1EE29A2D008A787E /* GSPdbHelper.h */,
				29F80EBD1EE29A2D008A787E /* GSPdbPacker.cpp */,
				29F80EBE1EE29A2D008A787E /* GSPdbPacker.h */,
			);
			name = source;
			sourceTree = "<group>";
		};
/* End PBXGroup section */

/* Begin PBXNativeTarget section */
		29F858441ECB51A1000C41B9 /* GSMobiGen */ = {
			isa = PBXNativeTarget;
			buildConfigurationList = 29F8584C1ECB51A1000C41B9 /* Build configuration list for PBXNativeTarget "GSMobiGen" */;
			buildPhases = (
				29F858411ECB51A1000C41B9 /* Sources */,
				29F858421ECB51A1000C41B9 /* Frameworks */,
				29F858431ECB51A1000C41B9 /* CopyFiles */,
			);
			buildRules = (
			);
			dependencies = (
			);
			name = GSMobiGen;
			productName = GSMobiGen;
			productReference = 29F858451ECB51A1000C41B9 /* GSMobiGen */;
			productType = "com.apple.product-type.tool";
		};
/* End PBXNativeTarget section */

/* Begin PBXProject section */
		29F8583D1ECB51A1000C41B9 /* Project object */ = {
			isa = PBXProject;
			attributes = {
				LastUpgradeCheck = 0830;
				ORGANIZATIONNAME = geansea;
				TargetAttributes = {
					29F858441ECB51A1000C41B9 = {
						CreatedOnToolsVersion = 8.3.2;
						ProvisioningStyle = Automatic;
					};
				};
			};
			buildConfigurationList = 29F858401ECB51A1000C41B9 /* Build configuration list for PBXProject "GSMobiGen" */;
			compatibilityVersion = "Xcode 3.2";
			developmentRegion = English;
			hasScannedForEncodings = 0;
			knownRegions = (
				en,
			);
			mainGroup = 29F8583C1ECB51A1000C41B9;
			productRefGroup = 29F858461ECB51A1000C41B9 /* Products */;
			projectDirPath = "";
			projectRoot = "";
			targets = (
				29F858441ECB51A1000C41B9 /* GSMobiGen */,
			);
		};
/* End PBXProject section */

/* Begin PBXSourcesBuildPhase section */
		29F858411ECB51A1000C41B9 /* Sources */ = {
			isa = PBXSourcesBuildPhase;
			buildActionMask = 2147483647;
			files = (
				29F80EC11EE29A2D008A787E /* GSPdbHelper.cpp in Sources */,
				29F80EBF1EE29A2D008A787E /* GSMobiHelper.cpp in Sources */,
				29F858581ECB5EC6000C41B9 /* main.cpp in Sources */,
				29F80EC01EE29A2D008A787E /* GSMobiPacker.cpp in Sources */,
				29F80EC21EE29A2D008A787E /* GSPdbPacker.cpp in Sources */,
			);
			runOnlyForDeploymentPostprocessing = 0;
		};
/* End PBXSourcesBuildPhase section */

/* Begin XCBuildConfiguration section */
		29F8584A1ECB51A1000C41B9 /* Debug */ = {
			isa = XCBuildConfiguration;
			buildSettings = {
				ALWAYS_SEARCH_USER_PATHS = NO;
				CLANG_ANALYZER_NONNULL = YES;
				CLANG_ANALYZER_NUMBER_OBJECT_CONVERSION = YES_AGGRESSIVE;
				CLANG_CXX_LANGUAGE_STANDARD = "gnu++0x";
				CLANG_CXX_LIBRARY = "libc++";
				CLANG_ENABLE_MODULES = YES;
				CLANG_ENABLE_OBJC_ARC = YES;
				CLANG_WARN_BOOL_CONVERSION = YES;
				CLANG_WARN_CONSTANT_CONVERSION = YES;
				CLANG_WARN_DIRECT_OBJC_ISA_USAGE = YES_ERROR;
				CLANG_WARN_DOCUMENTATION_COMMENTS = YES;
				CLANG_WARN_EMPTY_BODY = YES;
				CLANG_WARN_ENUM_CONVERSION = YES;
				CLANG_WARN_INFINITE_RECURSION = YES;
				CLANG_WARN_INT_CONVERSION = YES;
				CLANG_WARN_OBJC_ROOT_CLASS = YES_ERROR;
				CLANG_WARN_SUSPICIOUS_MOVE = YES;
				CLANG_WARN_UNREACHABLE_CODE = YES;
				CLANG_WARN__DUPLICATE_METHOD_MATCH = YES;
				CODE_SIGN_IDENTITY = "-";
				COPY_PHASE_STRIP = NO;
				DEBUG_INFORMATION_FORMAT = dwarf;
				ENABLE_STRICT_OBJC_MSGSEND = YES;
				ENABLE_TESTABILITY = YES;
				GCC_C_LANGUAGE_STANDARD = gnu99;
				GCC_DYNAMIC_NO_PIC = NO;
				GCC_NO_COMMON_BLOCKS = YES;
				GCC_OPTIMIZATION_LEVEL = 0;
				GCC_PREPROCESSOR_DEFINITIONS = (
					"DEBUG=1",
					"$(inherited)",
				);
				GCC_WARN_64_TO_32_BIT_CONVERSION = YES;
				GCC_WARN_ABOUT_RETURN_TYPE = YES_ERROR;
				GCC_WARN_UNDECLARED_SELECTOR = YES;
				GCC_WARN_UNINITIALIZED_AUTOS = YES_AGGRESSIVE;
				GCC_WARN_UNUSED_FUNCTION = YES;
				GCC_WARN_UNUSED_VARIABLE = YES;
				MACOSX_DEPLOYMENT_TARGET = 10.12;
				MTL_ENABLE_DEBUG_INFO = YES;
				ONLY_ACTIVE_ARCH = YES;
				SDKROOT = macosx;
			};
			name = Debug;
		};
		29F8584B1ECB51A1000C41B9 /* Release */ = {
			isa = XCBuildConfiguration;
			buildSettings = {
				ALWAYS_SEARCH_USER_PATHS = NO;
				CLANG_ANALYZER_NONNULL = YES;
				CLANG_ANALYZER_NUMBER_OBJECT_CONVERSION = YES_AGGRESSIVE;
				CLANG_CXX_LANGUAGE_STANDARD = "gnu++0x";
				CLANG_CXX_LIBRARY = "libc++";
				CLANG_ENABLE_MODULES = YES;
				CLANG_ENABLE_OBJC_ARC = YES;
				CLANG_WARN_BOOL_CONVERSION = YES;
				CLANG_WARN_CONSTANT_CONVERSION = YES;
				CLANG_WARN_DIRECT_OBJC_ISA_USAGE = YES_ERROR;
				CLANG_WARN_DOCUMENTATION_COMMENTS = YES;
				CLANG_WARN_EMPTY_BODY = YES;
				CLANG_WARN_ENUM_CONVERSION = YES;
				CLANG_WARN_INFINITE_RECURSION = YES;
				CLANG_WARN_INT_CONVERSION = YES;
				CLANG_WARN_OBJC_ROOT_CLASS = YES_ERROR;
				CLANG_WARN_SUSPICIOUS_MOVE = YES;
				CLANG_WARN_UNREACHABLE_CODE = YES;
				CLANG_WARN__DUPLICATE_METHOD_MATCH = YES;
				CODE_SIGN_IDENTITY = "-";
				COPY_PHASE_STRIP = NO;
				DEBUG_INFORMATION_FORMAT = "dwarf-with-dsym";
				ENABLE_NS_ASSERTIONS = NO;
				ENABLE_STRICT_OBJC_MSGSEND = YES;
				GCC_C_LANGUAGE_STANDARD = gnu99;
				GCC_NO_COMMON_BLOCKS = YES;
				GCC_WARN_64_TO_32_BIT_CONVERSION = YES;
				GCC_WARN_ABOUT_RETURN_TYPE = YES_ERROR;
				GCC_WARN_UNDECLARED_SELECTOR = YES;
				GCC_WARN_UNINITIALIZED_AUTOS = YES_AGGRESSIVE;
				GCC_WARN_UNUSED_FUNCTION = YES;
				GCC_WARN_UNUSED_VARIABLE = YES;
				MACOSX_DEPLOYMENT_TARGET = 10.12;
				MTL_ENABLE_DEBUG_INFO = NO;
				SDKROOT = macosx;
			};
			name = Release;
		};
		29F8584D1ECB51A1000C41B9 /* Debug */ = {
			isa = XCBuildConfiguration;
			buildSettings = {
				PRODUCT_NAME = "$(TARGET_NAME)";
			};
			name = Debug;
		};
		29F8584E1ECB51A1000C41B9 /* Release */ = {
			isa = XCBuildConfiguration;
			buildSettings = {
				PRODUCT_NAME = "$(TARGET_NAME)";
			};
			name = Release;
		};
/* End XCBuildConfiguration section */

/* Begin XCConfigurationList section */
		29F858401ECB51A1000C41B9 /* Build configuration list for PBXProject "GSMobiGen" */ = {
			isa = XCConfigurationList;
			buildConfigurations = (
				29F8584A1ECB51A1000C41B9 /* Debug */,
				29F8584B1ECB51A1000C41B9 /* Release */,
			);
			defaultConfigurationIsVisible = 0;
			defaultConfigurationName = Release;
		};
		29F8584C1ECB51A1000C41B9 /* Build configuration list for PBXNativeTarget "GSMobiGen" */ = {
			isa = XCConfigurationList;
			buildConfigurations = (
				29F8584D1ECB51A1000C41B9 /* Debug */,
				29F8584E1ECB51A1000C41B9 /* Release */,
			);
			defaultConfigurationIsVisible = 0;
			defaultConfigurationName = Release;
		};
/* End XCConfigurationList section */
	};
	rootObject = 29F8583D1ECB51A1000C41B9 /* Project object */;
}
